// !$*UTF8*$!
{
	archiveVersion = 1;
	classes = {
	};
	objectVersion = 46;
	objects = {

/* Begin PBXBuildFile section */
		BB00000000000000000MAP2 /* MapLibre.xcframework in Embed Frameworks */ = {isa = PBXBuildFile; fileRef = BB00000000000000000MAP1 /* MapLibre.xcframework */; settings = {ATTRIBUTES = (CodeSignOnCopy, RemoveHeadersOnCopy, ); }; };
/* End PBXBuildFile section */

/* Begin PBXCopyFilesBuildPhase section */
		BB00000000000000000MAP3 /* Embed Frameworks */ = {
			isa = PBXCopyFilesBuildPhase;
			buildActionMask = 2147483647;
			dstPath = "";
			dstSubfolderSpec = 10;
			files = (
				BB00000000000000000MAP2 /* MapLibre.xcframework in Embed Frameworks */,
			);
			name = "Embed Frameworks";
			runOnlyForDeploymentPostprocessing = 0;
		};
/* End PBXCopyFilesBuildPhase section */

/* Begin PBXFileReference section */
		4D7B6511E6047129147BCD97 /* ios-app-glass.app */ = {isa = PBXFileReference; explicitFileType = wrapper.application; includeInIndex = 0; path = "ios-app-glass.app"; sourceTree = BUILT_PRODUCTS_DIR; };
		4D7B659CA5F6E97C8E18FE97 /* Info.plist */ = {isa = PBXFileReference; fileEncoding = 4; lastKnownFileType = text.plist.info; name = Info.plist; path = src/Info.plist; sourceTree = "<group>"; };
		BB00000000000000000MAP1 /* MapLibre.xcframework */ = {isa = PBXFileReference; lastKnownFileType = wrapper.xcframework; name = MapLibre.xcframework; path = "../ios-app/Frameworks/MapLibre.xcframework"; sourceTree = SOURCE_ROOT; };
/* End PBXFileReference section */

/* Begin PBXFileSystemSynchronizedBuildFileExceptionSet section */
		4D7B68881D3333A907E6F6C7 /* PBXFileSystemSynchronizedBuildFileExceptionSet */ = {
			isa = PBXFileSystemSynchronizedBuildFileExceptionSet;
			membershipExceptions = (
				Info.plist,
			);
			target = 4D7B67935A97CEA5EF9C2CDF /* app */;
		};
/* End PBXFileSystemSynchronizedBuildFileExceptionSet section */

/* Begin PBXFileSystemSynchronizedRootGroup section */
		4D7B676F0C6A6B3FAB74BE63 /* src */ = {
			isa = PBXFileSystemSynchronizedRootGroup;
			exceptions = (
				4D7B68881D3333A907E6F6C7 /* PBXFileSystemSynchronizedBuildFileExceptionSet */,
			);
			path = src;
			sourceTree = SOURCE_ROOT;
		};
/* End PBXFileSystemSynchronizedRootGroup section */

/* Begin PBXFrameworksBuildPhase section */
		4D7B60BDFA010C56066D349A /* Frameworks */ = {
			isa = PBXFrameworksBuildPhase;
			runOnlyForDeploymentPostprocessing = 0;
		};
/* End PBXFrameworksBuildPhase section */

/* Begin PBXGroup section */
		4D7B60C30799E7C8C08B9869 /* Products */ = {
			isa = PBXGroup;
			children = (
				4D7B6511E6047129147BCD97 /* ios-app-glass.app */,
			);
			name = Products;
			sourceTree = "<group>";
		};
		4D7B660B752268948C588FD6 = {
			isa = PBXGroup;
			children = (
				4D7B60C30799E7C8C08B9869 /* Products */,
				4D7B659CA5F6E97C8E18FE97 /* Info.plist */,
				4D7B676F0C6A6B3FAB74BE63 /* src */,
				BB00000000000000000MAP1 /* MapLibre.xcframework */,
			);
			sourceTree = "<group>";
		};
/* End PBXGroup section */

/* Begin PBXNativeTarget section */
		4D7B67935A97CEA5EF9C2CDF /* app */ = {
			isa = PBXNativeTarget;
			buildConfigurationList = 4D7B67BE41DD0401B6745598 /* Build configuration list for PBXNativeTarget "app" */;
			buildPhases = (
				4D7B614C5705396907B7C370 /* Build Kotlin with Amper */,
				4D7B617E10D2B650D02A9B5A /* Sources */,
				4D7B60BDFA010C56066D349A /* Frameworks */,
				4D7B6CD671C5CEACC59247C8 /* Resources */,
				BB00000000000000000MAP3 /* Embed Frameworks */,
			);
			buildRules = (
			);
			dependencies = (
			);
			fileSystemSynchronizedGroups = (
				4D7B676F0C6A6B3FAB74BE63 /* src */,
			);
			name = app;
			productName = app;
			productReference = 4D7B6511E6047129147BCD97 /* ios-app-glass.app */;
			productType = "com.apple.product-type.application";
		};
/* End PBXNativeTarget section */

/* Begin PBXProject section */
		4D7B61980E501A6A308EC85B /* Project object */ = {
			isa = PBXProject;
			buildConfigurationList = 4D7B6276FFC708131D794965 /* Build configuration list for PBXProject "module" */;
			compatibilityVersion = "Xcode 3.2";
			developmentRegion = English;
			hasScannedForEncodings = 0;
			knownRegions = (
				en,
			);
			mainGroup = 4D7B660B752268948C588FD6;
			productRefGroup = 4D7B60C30799E7C8C08B9869 /* Products */;
			projectDirPath = "";
			projectRoot = "";
			targets = (
				4D7B67935A97CEA5EF9C2CDF /* app */,
			);
		};
/* End PBXProject section */

/* Begin PBXResourcesBuildPhase section */
		4D7B6CD671C5CEACC59247C8 /* Resources */ = {
			isa = PBXResourcesBuildPhase;
			runOnlyForDeploymentPostprocessing = 0;
		};
/* End PBXResourcesBuildPhase section */

/* Begin PBXShellScriptBuildPhase section */
		4D7B614C5705396907B7C370 /* Build Kotlin with Amper */ = {
			isa = PBXShellScriptBuildPhase;
			alwaysOutOfDate = 1;
			inputPaths = (
			);
			name = "Build Kotlin with Amper";
			outputPaths = (
			);
			runOnlyForDeploymentPostprocessing = 0;
			shellPath = /bin/sh;
			shellScript = "# !AMPER KMP INTEGRATION STEP!\n# This script is managed by the Kotlin Toolchain, do not edit manually!\n\"${KOTLIN_CLI_WRAPPER_PATH}\" tool xcode-integration\n";
		};
/* End PBXShellScriptBuildPhase section */

/* Begin PBXSourcesBuildPhase section */
		4D7B617E10D2B650D02A9B5A /* Sources */ = {
			isa = PBXSourcesBuildPhase;
			runOnlyForDeploymentPostprocessing = 0;
		};
/* End PBXSourcesBuildPhase section */

/* Begin XCBuildConfiguration section */
		4D7B64C6DB0F5F4D8B11A568 /* Debug */ = {
			isa = XCBuildConfiguration;
			buildSettings = {
			};
			name = Debug;
		};
		4D7B660285F4ECD6BAE98733 /* Release */ = {
			isa = XCBuildConfiguration;
			buildSettings = {
				ALWAYS_SEARCH_USER_PATHS = NO;
				ASSETCATALOG_COMPILER_APPICON_NAME = AppIcon;
				CLANG_ENABLE_MODULES = YES;
				CLANG_ENABLE_OBJC_ARC = YES;
				CODE_SIGN_STYLE = Automatic;
				DEVELOPMENT_TEAM = F6P2P5GDRF;
				ENABLE_USER_SCRIPT_SANDBOXING = NO;
				FRAMEWORK_SEARCH_PATHS = "$(inherited) $(TARGET_BUILD_DIR)/AmperFrameworks";
				INFOPLIST_FILE = src/Info.plist;
				IPHONEOS_DEPLOYMENT_TARGET = 16.0;
				KOTLIN_CLI_WRAPPER_PATH = ../kotlin;
				LD_RUNPATH_SEARCH_PATHS = "$(inherited) @executable_path/Frameworks @loader_path/Frameworks";
				PRODUCT_BUNDLE_IDENTIFIER = "com.portside-cmp.glass";
				PRODUCT_MODULE_NAME = app;
				PRODUCT_NAME = "ios-app-glass";
				SDKROOT = iphoneos;
				SWIFT_VERSION = 5.0;
				TARGETED_DEVICE_FAMILY = (
					1,
					2,
				);
			};
			name = Release;
		};
		4D7B6B20EF5FE8DB69B3399F /* Release */ = {
			isa = XCBuildConfiguration;
			buildSettings = {
			};
			name = Release;
		};
		4D7B6D6196E28D13C1AEDEED /* Debug */ = {
			isa = XCBuildConfiguration;
			buildSettings = {
				ALWAYS_SEARCH_USER_PATHS = NO;
				ASSETCATALOG_COMPILER_APPICON_NAME = AppIcon;
				CLANG_ENABLE_MODULES = YES;
				CLANG_ENABLE_OBJC_ARC = YES;
				CODE_SIGN_STYLE = Automatic;
				DEVELOPMENT_TEAM = F6P2P5GDRF;
				ENABLE_TESTABILITY = YES;
				ENABLE_USER_SCRIPT_SANDBOXING = NO;
				FRAMEWORK_SEARCH_PATHS = "$(inherited) $(TARGET_BUILD_DIR)/AmperFrameworks";
				GCC_OPTIMIZATION_LEVEL = 0;
				INFOPLIST_FILE = src/Info.plist;
				IPHONEOS_DEPLOYMENT_TARGET = 16.0;
				KOTLIN_CLI_WRAPPER_PATH = ../kotlin;
				LD_RUNPATH_SEARCH_PATHS = "$(inherited) @executable_path/Frameworks @loader_path/Frameworks";
				ONLY_ACTIVE_ARCH = YES;
				PRODUCT_BUNDLE_IDENTIFIER = "com.portside-cmp.glass";
				PRODUCT_MODULE_NAME = app;
				PRODUCT_NAME = "ios-app-glass";
				SDKROOT = iphoneos;
				SWIFT_OPTIMIZATION_LEVEL = "-Onone";
				SWIFT_VERSION = 5.0;
				TARGETED_DEVICE_FAMILY = (
					1,
					2,
				);
			};
			name = Debug;
		};
/* End XCBuildConfiguration section */

/* Begin XCConfigurationList section */
		4D7B6276FFC708131D794965 /* Build configuration list for PBXProject "module" */ = {
			isa = XCConfigurationList;
			buildConfigurations = (
				4D7B64C6DB0F5F4D8B11A568 /* Debug */,
				4D7B6B20EF5FE8DB69B3399F /* Release */,
			);
			defaultConfigurationIsVisible = 0;
			defaultConfigurationName = Release;
		};
		4D7B67BE41DD0401B6745598 /* Build configuration list for PBXNativeTarget "app" */ = {
			isa = XCConfigurationList;
			buildConfigurations = (
				4D7B6D6196E28D13C1AEDEED /* Debug */,
				4D7B660285F4ECD6BAE98733 /* Release */,
			);
			defaultConfigurationIsVisible = 0;
		};
/* End XCConfigurationList section */
	};
	rootObject = 4D7B61980E501A6A308EC85B /* Project object */;
}
