// !$*UTF8*$!
{
	archiveVersion = 1;
	classes = {
	};
	objectVersion = 46;
	objects = {

/* Begin PBXBuildFile section */
		BB00000000000000000MAP2 /* MapLibre.xcframework in Embed Frameworks */ = {isa = PBXBuildFile; fileRef = BB00000000000000000MAP1 /* MapLibre.xcframework */; settings = {ATTRIBUTES = (CodeSignOnCopy, RemoveHeadersOnCopy, ); }; };
/* End PBXBuildFile section */

/* Begin PBXCopyFilesBuildPhase section */
		BB00000000000000000MAP3 /* Embed Frameworks */ = {
			isa = PBXCopyFilesBuildPhase;
			buildActionMask = 2147483647;
			dstPath = "";
			dstSubfolderSpec = 10;
			files = (
				BB00000000000000000MAP2 /* MapLibre.xcframework in Embed Frameworks */,
			);
			name = "Embed Frameworks";
			runOnlyForDeploymentPostprocessing = 0;
		};
/* End PBXCopyFilesBuildPhase section */

/* Begin PBXFileReference section */
		BB00000000000000000MAP1 /* MapLibre.xcframework */ = {isa = PBXFileReference; lastKnownFileType = wrapper.xcframework; name = MapLibre.xcframework; path = "../ios-app/Frameworks/MapLibre.xcframework"; sourceTree = SOURCE_ROOT; };
		4D7B64AB683B5F334B5139F5 /* ios-app-swiftui.app */ = {isa = PBXFileReference; explicitFileType = wrapper.application; includeInIndex = 0; path = "ios-app-swiftui.app"; sourceTree = BUILT_PRODUCTS_DIR; };
		4D7B67946A4EF92F1B67C626 /* Info.plist */ = {isa = PBXFileReference; fileEncoding = 4; lastKnownFileType = text.plist.info; name = Info.plist; path = src/Info.plist; sourceTree = "<group>"; };
/* End PBXFileReference section */

/* Begin PBXFileSystemSynchronizedBuildFileExceptionSet section */
		4D7B6787A15CE07EDF95332C /* PBXFileSystemSynchronizedBuildFileExceptionSet */ = {
			isa = PBXFileSystemSynchronizedBuildFileExceptionSet;
			membershipExceptions = (
				Info.plist,
			);
			target = 4D7B67586ECD5DFE99A4FB52 /* app */;
		};
/* End PBXFileSystemSynchronizedBuildFileExceptionSet section */

/* Begin PBXFileSystemSynchronizedRootGroup section */
		4D7B64015935EA3FC34426B3 /* src */ = {
			isa = PBXFileSystemSynchronizedRootGroup;
			exceptions = (
				4D7B6787A15CE07EDF95332C /* PBXFileSystemSynchronizedBuildFileExceptionSet */,
			);
			path = src;
			sourceTree = SOURCE_ROOT;
		};
/* End PBXFileSystemSynchronizedRootGroup section */

/* Begin PBXFrameworksBuildPhase section */
		4D7B68DA6899995C8DD568B3 /* Frameworks */ = {
			isa = PBXFrameworksBuildPhase;
			runOnlyForDeploymentPostprocessing = 0;
		};
/* End PBXFrameworksBuildPhase section */

/* Begin PBXGroup section */
		4D7B6C1A7388AF5E4F5277EF = {
			isa = PBXGroup;
			children = (
				BB00000000000000000MAP1 /* MapLibre.xcframework */,
				4D7B6C2B9C444A2B50140790 /* Products */,
				4D7B67946A4EF92F1B67C626 /* Info.plist */,
				4D7B64015935EA3FC34426B3 /* src */,
			);
			sourceTree = "<group>";
		};
		4D7B6C2B9C444A2B50140790 /* Products */ = {
			isa = PBXGroup;
			children = (
				4D7B64AB683B5F334B5139F5 /* ios-app-swiftui.app */,
			);
			name = Products;
			sourceTree = "<group>";
		};
/* End PBXGroup section */

/* Begin PBXNativeTarget section */
		4D7B67586ECD5DFE99A4FB52 /* app */ = {
			isa = PBXNativeTarget;
			buildConfigurationList = 4D7B6B5D67855D8E607031A6 /* Build configuration list for PBXNativeTarget "app" */;
			buildPhases = (
				4D7B6C439CBD8C593F71CF52 /* Build Kotlin with Amper */,
				4D7B6F0AB351680E6214EF3B /* Sources */,
				4D7B68DA6899995C8DD568B3 /* Frameworks */,
				4D7B6FC7BF71EA7EBC694406 /* Resources */,
				BB00000000000000000MAP3 /* Embed Frameworks */,
			);
			buildRules = (
			);
			dependencies = (
			);
			fileSystemSynchronizedGroups = (
				4D7B64015935EA3FC34426B3 /* src */,
			);
			name = app;
			productName = app;
			productReference = 4D7B64AB683B5F334B5139F5 /* ios-app-swiftui.app */;
			productType = "com.apple.product-type.application";
		};
/* End PBXNativeTarget section */

/* Begin PBXProject section */
		4D7B6B2674A34827C325C89E /* Project object */ = {
			isa = PBXProject;
			buildConfigurationList = 4D7B62A0DDF3F057AC52922D /* Build configuration list for PBXProject "module" */;
			compatibilityVersion = "Xcode 3.2";
			developmentRegion = English;
			hasScannedForEncodings = 0;
			knownRegions = (
				en,
			);
			mainGroup = 4D7B6C1A7388AF5E4F5277EF;
			productRefGroup = 4D7B6C2B9C444A2B50140790 /* Products */;
			projectDirPath = "";
			projectRoot = "";
			targets = (
				4D7B67586ECD5DFE99A4FB52 /* app */,
			);
		};
/* End PBXProject section */

/* Begin PBXResourcesBuildPhase section */
		4D7B6FC7BF71EA7EBC694406 /* Resources */ = {
			isa = PBXResourcesBuildPhase;
			runOnlyForDeploymentPostprocessing = 0;
		};
/* End PBXResourcesBuildPhase section */

/* Begin PBXShellScriptBuildPhase section */
		4D7B6C439CBD8C593F71CF52 /* Build Kotlin with Amper */ = {
			isa = PBXShellScriptBuildPhase;
			alwaysOutOfDate = 1;
			inputPaths = (
			);
			name = "Build Kotlin with Amper";
			outputPaths = (
			);
			runOnlyForDeploymentPostprocessing = 0;
			shellPath = /bin/sh;
			shellScript = "# !AMPER KMP INTEGRATION STEP!\n# This script is managed by the Kotlin Toolchain, do not edit manually!\n\"${KOTLIN_CLI_WRAPPER_PATH}\" tool xcode-integration\n";
		};
/* End PBXShellScriptBuildPhase section */

/* Begin PBXSourcesBuildPhase section */
		4D7B6F0AB351680E6214EF3B /* Sources */ = {
			isa = PBXSourcesBuildPhase;
			runOnlyForDeploymentPostprocessing = 0;
		};
/* End PBXSourcesBuildPhase section */

/* Begin XCBuildConfiguration section */
		4D7B62E35D927B66575BB493 /* Release */ = {
			isa = XCBuildConfiguration;
			buildSettings = {
				ALWAYS_SEARCH_USER_PATHS = NO;
				ASSETCATALOG_COMPILER_APPICON_NAME = AppIcon;
				CLANG_ENABLE_MODULES = YES;
				CLANG_ENABLE_OBJC_ARC = YES;
				ENABLE_USER_SCRIPT_SANDBOXING = NO;
				FRAMEWORK_SEARCH_PATHS = "$(inherited) $(TARGET_BUILD_DIR)/AmperFrameworks";
				INFOPLIST_FILE = src/Info.plist;
				IPHONEOS_DEPLOYMENT_TARGET = 16.0;
				DEVELOPMENT_TEAM = F6P2P5GDRF;
				CODE_SIGN_STYLE = Automatic;
				KOTLIN_CLI_WRAPPER_PATH = ../kotlin;
				LD_RUNPATH_SEARCH_PATHS = "$(inherited) @executable_path/Frameworks @loader_path/Frameworks";
				PRODUCT_BUNDLE_IDENTIFIER = "com.portside-cmp.swiftui";
				PRODUCT_MODULE_NAME = app;
				PRODUCT_NAME = "ios-app-swiftui";
				SDKROOT = iphoneos;
				SWIFT_VERSION = 5.0;
				TARGETED_DEVICE_FAMILY = (
					1,
					2,
				);
			};
			name = Release;
		};
		4D7B63D6FD5916FA575DB0E7 /* Debug */ = {
			isa = XCBuildConfiguration;
			buildSettings = {
				ALWAYS_SEARCH_USER_PATHS = NO;
				ASSETCATALOG_COMPILER_APPICON_NAME = AppIcon;
				CLANG_ENABLE_MODULES = YES;
				CLANG_ENABLE_OBJC_ARC = YES;
				ENABLE_TESTABILITY = YES;
				ENABLE_USER_SCRIPT_SANDBOXING = NO;
				FRAMEWORK_SEARCH_PATHS = "$(inherited) $(TARGET_BUILD_DIR)/AmperFrameworks";
				GCC_OPTIMIZATION_LEVEL = 0;
				INFOPLIST_FILE = src/Info.plist;
				IPHONEOS_DEPLOYMENT_TARGET = 16.0;
				DEVELOPMENT_TEAM = F6P2P5GDRF;
				CODE_SIGN_STYLE = Automatic;
				KOTLIN_CLI_WRAPPER_PATH = ../kotlin;
				LD_RUNPATH_SEARCH_PATHS = "$(inherited) @executable_path/Frameworks @loader_path/Frameworks";
				ONLY_ACTIVE_ARCH = YES;
				PRODUCT_BUNDLE_IDENTIFIER = "com.portside-cmp.swiftui";
				PRODUCT_MODULE_NAME = app;
				PRODUCT_NAME = "ios-app-swiftui";
				SDKROOT = iphoneos;
				SWIFT_OPTIMIZATION_LEVEL = "-Onone";
				SWIFT_VERSION = 5.0;
				TARGETED_DEVICE_FAMILY = (
					1,
					2,
				);
			};
			name = Debug;
		};
		4D7B64A9C04C4F673F33572F /* Release */ = {
			isa = XCBuildConfiguration;
			buildSettings = {
			};
			name = Release;
		};
		4D7B6D5DE5D2EBB1BE6C81E4 /* Debug */ = {
			isa = XCBuildConfiguration;
			buildSettings = {
			};
			name = Debug;
		};
/* End XCBuildConfiguration section */

/* Begin XCConfigurationList section */
		4D7B62A0DDF3F057AC52922D /* Build configuration list for PBXProject "module" */ = {
			isa = XCConfigurationList;
			buildConfigurations = (
				4D7B6D5DE5D2EBB1BE6C81E4 /* Debug */,
				4D7B64A9C04C4F673F33572F /* Release */,
			);
			defaultConfigurationIsVisible = 0;
			defaultConfigurationName = Release;
		};
		4D7B6B5D67855D8E607031A6 /* Build configuration list for PBXNativeTarget "app" */ = {
			isa = XCConfigurationList;
			buildConfigurations = (
				4D7B63D6FD5916FA575DB0E7 /* Debug */,
				4D7B62E35D927B66575BB493 /* Release */,
			);
			defaultConfigurationIsVisible = 0;
		};
/* End XCConfigurationList section */
	};
	rootObject = 4D7B6B2674A34827C325C89E /* Project object */;
}
